
Microsoft Visual Studio Solution File, Format Version 12.00
# Visual Studio Version 17
VisualStudioVersion = 17.4.32916.344
MinimumVisualStudioVersion = 10.0.40219.1
Project("{FAE04EC0-301F-11D3-BF4B-00C04F79EFBC}") = "WordPressMigrationTool", "WordPressMigrationTool.csproj", "{8B0FD6D2-E342-4F8A-91A7-74632FDC69D7}"
EndProject
Global
	GlobalSection(SolutionConfigurationPlatforms) = preSolution
		Debug|Any CPU = Debug|Any CPU
		Release|Any CPU = Release|Any CPU
	EndGlobalSection
	GlobalSection(ProjectConfigurationPlatforms) = postSolution
		{8B0FD6D2-E342-4F8A-91A7-74632FDC69D7}.Debug|Any CPU.ActiveCfg = Debug|Any CPU
		{8B0FD6D2-E342-4F8A-91A7-74632FDC69D7}.Debug|Any CPU.Build.0 = Debug|Any CPU
		{8B0FD6D2-E342-4F8A-91A7-74632FDC69D7}.Release|Any CPU.ActiveCfg = Release|Any CPU
		{8B0FD6D2-E342-4F8A-91A7-74632FDC69D7}.Release|Any CPU.Build.0 = Release|Any CPU
	EndGlobalSection
	GlobalSection(SolutionProperties) = preSolution
		HideSolutionNode = FALSE
	EndGlobalSection
	GlobalSection(ExtensibilityGlobals) = postSolution
		SolutionGuid = {D0829666-9E0C-4203-97E3-E741969317CF}
	EndGlobalSection
EndGlobal
